
Microsoft Visual Studio Solution File, Format Version 12.00
# Visual Studio 15
VisualStudioVersion = 15.0.26730.16
MinimumVisualStudioVersion = 10.0.40219.1
Project("{FAE04EC0-301F-11D3-BF4B-00C04F79EFBC}") = "TestabilityKata", "TestabilityKata\TestabilityKata.csproj", "{538A1918-820C-4502-88E3-FE8820B2F6A0}"
EndProject
Project("{FAE04EC0-301F-11D3-BF4B-00C04F79EFBC}") = "TestabilityKata.Tests", "TestabilityKata.Tests\TestabilityKata.Tests.csproj", "{24D1E6BC-B964-4F06-9FEA-72AEBD43955A}"
EndProject
Global
	GlobalSection(SolutionConfigurationPlatforms) = preSolution
		Debug|Any CPU = Debug|Any CPU
		Release|Any CPU = Release|Any CPU
	EndGlobalSection
	GlobalSection(ProjectConfigurationPlatforms) = postSolution
		{538A1918-820C-4502-88E3-FE8820B2F6A0}.Debug|Any CPU.ActiveCfg = Debug|Any CPU
		{538A1918-820C-4502-88E3-FE8820B2F6A0}.Debug|Any CPU.Build.0 = Debug|Any CPU
		{538A1918-820C-4502-88E3-FE8820B2F6A0}.Release|Any CPU.ActiveCfg = Release|Any CPU
		{538A1918-820C-4502-88E3-FE8820B2F6A0}.Release|Any CPU.Build.0 = Release|Any CPU
		{24D1E6BC-B964-4F06-9FEA-72AEBD43955A}.Debug|Any CPU.ActiveCfg = Debug|Any CPU
		{24D1E6BC-B964-4F06-9FEA-72AEBD43955A}.Debug|Any CPU.Build.0 = Debug|Any CPU
		{24D1E6BC-B964-4F06-9FEA-72AEBD43955A}.Release|Any CPU.ActiveCfg = Release|Any CPU
		{24D1E6BC-B964-4F06-9FEA-72AEBD43955A}.Release|Any CPU.Build.0 = Release|Any CPU
	EndGlobalSection
	GlobalSection(SolutionProperties) = preSolution
		HideSolutionNode = FALSE
	EndGlobalSection
	GlobalSection(ExtensibilityGlobals) = postSolution
		SolutionGuid = {A4AFFAF3-6B61-4085-9456-1A1FF16919E4}
	EndGlobalSection
EndGlobal
